#MicroXplorer Configuration settings - do not modify
Mcu.Family=STM32F4
PA11.GPIO_Speed=GPIO_SPEED_FREQ_VERY_HIGH
ProjectManager.MainLocation=Core/Src
PA2.GPIO_PuPd=GPIO_NOPULL
PC7.GPIOParameters=GPIO_Label
USART2.IPParameters=VirtualMode
RCC.CortexFreq_Value=84000000
PC10.GPIO_PuPd=GPIO_PULLDOWN
ProjectManager.KeepUserCode=true
Mcu.UserName=STM32F401RETx
PC12.Locked=true
PC10.Locked=true
RCC.PLLCLKFreq_Value=84000000
PC10.Signal=GPIO_Input
PC12.Signal=GPIO_Input
PA14.GPIO_Label=TCK
RCC.PLLQCLKFreq_Value=48000000
PC5.Locked=true
PC7.Locked=true
PA3.GPIO_PuPd=GPIO_NOPULL
PB2.GPIO_Speed=GPIO_SPEED_FREQ_VERY_HIGH
PA12.GPIOParameters=GPIO_Speed,GPIO_Label
ProjectManager.functionlistsort=1-MX_GPIO_Init-GPIO-false-HAL-true,2-SystemClock_Config-RCC-false-HAL-false,3-MX_USART2_UART_Init-USART2-false-HAL-true,4-MX_TIM3_Init-TIM3-false-HAL-true
PC0.GPIOParameters=GPIO_Label
PA2.GPIO_Speed=GPIO_SPEED_FREQ_LOW
PA11.GPIOParameters=GPIO_Speed,GPIO_Label
PC0.GPIO_Label=BB_LED_0
PC6.GPIO_Label=BB_LED_6
PC3.Locked=true
RCC.RTCFreq_Value=32000
PC9.Locked=true
PA3.GPIOParameters=GPIO_Speed,GPIO_PuPd,GPIO_Label,GPIO_Mode
PD2.GPIO_Speed=GPIO_SPEED_FREQ_VERY_HIGH
PD2.Locked=true
PD2.GPIOParameters=GPIO_Speed,GPIO_Label
PC1.Locked=true
PA3.GPIO_Speed=GPIO_SPEED_FREQ_LOW
PA2.GPIOParameters=GPIO_Speed,GPIO_PuPd,GPIO_Label,GPIO_Mode
PinOutPanel.RotationAngle=0
RCC.SYSCLKSource=RCC_SYSCLKSOURCE_PLLCLK
ProjectManager.StackSize=0x400
SH.GPXTI13.0=GPIO_EXTI13
Mcu.IP4=USART2
RCC.FCLKCortexFreq_Value=84000000
NVIC.SVCall_IRQn=true\:0\:0\:false\:false\:true\:false\:false
Mcu.IP2=SYS
Mcu.IP3=TIM3
PA15.GPIO_Label=BB_BTN_4
PC11.GPIO_PuPd=GPIO_PULLDOWN
Mcu.IP0=NVIC
PA12.Locked=true
Mcu.IP1=RCC
PA12.Signal=GPIO_Output
Mcu.UserConstants=
PH0\ -\ OSC_IN.Signal=RCC_OSC_IN
PC1.GPIOParameters=GPIO_Label
SH.GPXTI13.ConfNb=1
PH0\ -\ OSC_IN.Locked=true
Mcu.ThirdPartyNb=0
RCC.HCLKFreq_Value=84000000
Mcu.IPNb=5
RCC.I2SClocksFreq_Value=96000000
ProjectManager.PreviousToolchain=
RCC.APB2TimFreq_Value=84000000
TIM3.Period=100
RCC.VcooutputI2S=96000000
PC7.Signal=GPIO_Output
PC3.Signal=GPIO_Output
Mcu.Pin6=PC1
Mcu.Pin7=PC2
Mcu.Pin8=PC3
Mcu.Pin9=PA0-WKUP
PA1.GPIO_PuPd=GPIO_PULLDOWN
RCC.AHBFreq_Value=84000000
Mcu.Pin0=PC13-ANTI_TAMP
Mcu.Pin1=PC14-OSC32_IN
GPIO.groupedBy=Group By Peripherals
Mcu.Pin2=PC15-OSC32_OUT
Mcu.Pin3=PH0 - OSC_IN
Mcu.Pin4=PH1 - OSC_OUT
PA0-WKUP.GPIOParameters=GPIO_PuPd,GPIO_Label
Mcu.Pin5=PC0
TIM3.Pulse-PWM\ Generation3\ CH3=30
ProjectManager.ProjectBuild=false
RCC.HSE_VALUE=8000000
NVIC.UsageFault_IRQn=true\:0\:0\:false\:false\:true\:true\:false
NVIC.DebugMonitor_IRQn=true\:0\:0\:false\:false\:true\:true\:false
PA4.GPIO_PuPd=GPIO_PULLDOWN
PB2.Signal=GPIO_Output
PA4.Locked=true
PC13-ANTI_TAMP.Signal=GPXTI13
NVIC.SysTick_IRQn=true\:0\:0\:true\:false\:true\:true\:true
ProjectManager.FirmwarePackage=STM32Cube FW_F4 V1.26.2
MxDb.Version=DB.6.0.21
PA1.GPIOParameters=GPIO_PuPd,GPIO_Label
ProjectManager.BackupPrevious=false
PC14-OSC32_IN.Mode=LSE-External-Oscillator
RCC.VCOInputFreq_Value=1000000
PC4.GPIO_Label=BB_LED_4
PB1.GPIO_Speed=GPIO_SPEED_FREQ_VERY_HIGH
PA14.Mode=Serial_Wire
TIM3.Prescaler=1
PA5.GPIO_PuPd=GPIO_NOPULL
PB1.GPIO_Label=LCD_DB6
PC11.GPIO_Label=BB_BTN_6
File.Version=6
PB3.GPIOParameters=GPIO_Label
PB7.Signal=GPIO_Input
NVIC.PendSV_IRQn=true\:0\:0\:false\:false\:true\:false\:false
ProjectManager.HalAssertFull=false
ProjectManager.ProjectName=GpioTest_wiederholung
PA13.GPIOParameters=GPIO_Label
PB7.GPIO_Label=BB_BTN_3
RCC.MCO2PinFreq_Value=84000000
PC8.GPIOParameters=GPIO_Label
Mcu.Package=LQFP64
PB1.Signal=GPIO_Output
PA5.Locked=true
USART2.VirtualMode=VM_ASYNC
PA14.Locked=true
ProjectManager.ToolChainLocation=
PA2.GPIO_Label=USART_TX
RCC.LSI_VALUE=32000
VP_SYS_VS_Systick.Signal=SYS_VS_Systick
PA15.Signal=GPIO_Input
PA5.GPIOParameters=GPIO_Speed,GPIO_PuPd,GPIO_Label,GPIO_Mode
RCC.APB1TimFreq_Value=84000000
NVIC.BusFault_IRQn=true\:0\:0\:false\:false\:true\:true\:false
PC4.Locked=true
PC5.Signal=GPIO_Output
PC12.GPIO_PuPd=GPIO_PULLDOWN
PA4.GPIO_Label=BB_BTN_0
PC2.GPIO_Label=BB_LED_2
ProjectManager.CustomerFirmwarePackage=
PC4.GPIOParameters=GPIO_Label
VP_TIM3_VS_ClockSourceINT.Mode=Internal
PC14-OSC32_IN.Locked=true
PA12.GPIO_Speed=GPIO_SPEED_FREQ_VERY_HIGH
PB3.Locked=true
PA3.Signal=USART2_RX
PC13-ANTI_TAMP.GPIOParameters=GPIO_PuPd,GPIO_Label,GPIO_ModeDefaultEXTI
PA2.GPIO_Mode=GPIO_MODE_AF_PP
PA2.Locked=true
PB3.GPIO_Label=SWO
PB7.GPIO_PuPd=GPIO_PULLDOWN
PC15-OSC32_OUT.Mode=LSE-External-Oscillator
ProjectManager.ProjectFileName=GpioTest_wiederholung.ioc
PA15.GPIOParameters=GPIO_PuPd,GPIO_Label
PC10.GPIO_Label=BB_BTN_7
Mcu.PinsNb=36
PC13-ANTI_TAMP.GPIO_PuPd=GPIO_NOPULL
PC9.GPIO_Label=LCD_E
ProjectManager.NoMain=false
PC11.Locked=true
PC13-ANTI_TAMP.GPIO_Label=B1 [Blue PushButton]
PC11.Signal=GPIO_Input
PH1\ -\ OSC_OUT.Mode=HSE-External-Clock-Source
PC8.Signal=S_TIM3_CH3
PC2.Signal=GPIO_Output
PC4.Signal=GPIO_Output
PC6.Signal=GPIO_Output
PA11.GPIO_Label=LCD_DB4
ProjectManager.DefaultFWLocation=true
ProjectManager.DeletePrevious=true
PC0.Signal=GPIO_Output
RCC.APB1CLKDivider=RCC_HCLK_DIV2
PC14-OSC32_IN.Signal=RCC_OSC32_IN
PC11.GPIOParameters=GPIO_PuPd,GPIO_Label
boardIOC=true
SH.S_TIM3_CH3.0=TIM3_CH3,PWM Generation3 CH3
PH1\ -\ OSC_OUT.Locked=true
PA12.GPIO_Label=LCD_DB5
PA0-WKUP.GPIO_Label=BB_BTN_2
PA0-WKUP.Signal=GPIO_Input
PA0-WKUP.Locked=true
PC3.GPIOParameters=GPIO_Label
PC8.GPIO_Label=LCD_Contrast
PC12.GPIOParameters=GPIO_PuPd,GPIO_Label
PA3.Mode=Asynchronous
PA13.Signal=SYS_JTMS-SWDIO
TIM3.Channel-PWM\ Generation3\ CH3=TIM_CHANNEL_3
PA11.Locked=true
PA15.Locked=true
PH0\ -\ OSC_IN.Mode=HSE-External-Clock-Source
PC15-OSC32_OUT.Locked=true
ProjectManager.TargetToolchain=STM32CubeIDE
SH.S_TIM3_CH3.ConfNb=1
PA3.GPIO_Mode=GPIO_MODE_AF_PP
PB7.GPIOParameters=GPIO_PuPd,GPIO_Label
PC5.GPIOParameters=GPIO_Label
PC6.Locked=true
PB2.GPIOParameters=GPIO_Speed,GPIO_Label
PC2.Locked=true
ProjectManager.RegisterCallBack=
VP_TIM3_VS_ClockSourceINT.Signal=TIM3_VS_ClockSourceINT
PC15-OSC32_OUT.Signal=RCC_OSC32_OUT
PA1.Signal=GPIO_Input
PB1.Locked=true
RCC.VCOI2SOutputFreq_Value=192000000
PA5.Signal=GPIO_Output
PH1\ -\ OSC_OUT.Signal=RCC_OSC_OUT
board=NUCLEO-F401RE
RCC.VCOOutputFreq_Value=336000000
PC13-ANTI_TAMP.Locked=true
ProjectManager.LastFirmware=true
RCC.APB2Freq_Value=84000000
MxCube.Version=6.2.1
Mcu.Pin35=VP_TIM3_VS_ClockSourceINT
PC2.GPIOParameters=GPIO_Label
Mcu.Pin30=PC12
PC1.GPIO_Label=BB_LED_1
PA1.GPIO_Label=BB_BTN_1
VP_SYS_VS_Systick.Mode=SysTick
Mcu.Pin33=PB7
TIM3.IPParameters=Prescaler,Period,Channel-PWM Generation3 CH3,Pulse-PWM Generation3 CH3
Mcu.Pin34=VP_SYS_VS_Systick
Mcu.Pin31=PD2
Mcu.Pin32=PB3
NVIC.NonMaskableInt_IRQn=true\:0\:0\:false\:false\:true\:true\:false
PA4.GPIOParameters=GPIO_PuPd,GPIO_Label
PC10.GPIOParameters=GPIO_PuPd,GPIO_Label
PA13.Mode=Serial_Wire
ProjectManager.FreePins=false
RCC.IPParameters=48MHZClocksFreq_Value,AHBFreq_Value,APB1CLKDivider,APB1Freq_Value,APB1TimFreq_Value,APB2Freq_Value,APB2TimFreq_Value,CortexFreq_Value,FCLKCortexFreq_Value,HCLKFreq_Value,HSE_VALUE,HSI_VALUE,I2SClocksFreq_Value,LSI_VALUE,MCO2PinFreq_Value,PLLCLKFreq_Value,PLLN,PLLP,PLLQ,PLLQCLKFreq_Value,RTCFreq_Value,RTCHSEDivFreq_Value,SYSCLKFreq_VALUE,SYSCLKSource,VCOI2SOutputFreq_Value,VCOInputFreq_Value,VCOOutputFreq_Value,VcooutputI2S
PC9.GPIOParameters=GPIO_Speed,GPIO_Label
ProjectManager.AskForMigrate=true
Mcu.Name=STM32F401R(D-E)Tx
Mcu.Pin26=PA14
Mcu.Pin27=PA15
RCC.RTCHSEDivFreq_Value=4000000
PA2.Signal=USART2_TX
Mcu.Pin24=PA12
PA13.GPIO_Label=TMS
ProjectManager.UnderRoot=true
Mcu.Pin25=PA13
PB2.Locked=true
PC7.GPIO_Label=BB_LED_7
Mcu.Pin28=PC10
Mcu.Pin29=PC11
ProjectManager.CoupleFile=true
RCC.48MHZClocksFreq_Value=48000000
PB3.Signal=SYS_JTDO-SWO
PA4.Signal=GPIO_Input
RCC.SYSCLKFreq_VALUE=84000000
Mcu.Pin22=PC9
Mcu.Pin23=PA11
PA1.Locked=true
Mcu.Pin20=PC7
PA3.Locked=true
Mcu.Pin21=PC8
PA5.GPIO_Label=LD2 [Green Led]
NVIC.ForceEnableDMAVector=true
KeepUserPlacement=false
PC5.GPIO_Label=BB_LED_5
PA14.GPIOParameters=GPIO_Label
NVIC.MemoryManagement_IRQn=true\:0\:0\:false\:false\:true\:true\:false
PA13.Locked=true
PC12.GPIO_Label=BB_BTN_5
ProjectManager.CompilerOptimize=6
PC13-ANTI_TAMP.GPIO_ModeDefaultEXTI=GPIO_MODE_IT_FALLING
PA11.Signal=GPIO_Output
PA14.Signal=SYS_JTCK-SWCLK
PB2.GPIO_Label=LCD_DB7
ProjectManager.HeapSize=0x200
Mcu.Pin15=PC4
NVIC.HardFault_IRQn=true\:0\:0\:false\:false\:true\:true\:false
Mcu.Pin16=PC5
Mcu.Pin13=PA4
Mcu.Pin14=PA5
PC6.GPIOParameters=GPIO_Label
Mcu.Pin19=PC6
ProjectManager.ComputerToolchain=false
Mcu.Pin17=PB1
RCC.HSI_VALUE=16000000
Mcu.Pin18=PB2
RCC.PLLP=RCC_PLLP_DIV4
PA5.GPIO_Speed=GPIO_SPEED_FREQ_LOW
RCC.PLLQ=7
PC9.GPIO_Speed=GPIO_SPEED_FREQ_VERY_HIGH
NVIC.PriorityGroup=NVIC_PRIORITYGROUP_0
Mcu.Pin11=PA2
Mcu.Pin12=PA3
RCC.PLLN=336
Mcu.Pin10=PA1
PA15.GPIO_PuPd=GPIO_PULLDOWN
PB7.Locked=true
PA2.Mode=Asynchronous
PC3.GPIO_Label=BB_LED_3
PA0-WKUP.GPIO_PuPd=GPIO_PULLDOWN
PC8.Locked=true
PC9.Signal=GPIO_Output
PD2.Signal=GPIO_Output
RCC.APB1Freq_Value=42000000
PA5.GPIO_Mode=GPIO_MODE_OUTPUT_PP
PC0.Locked=true
ProjectManager.DeviceId=STM32F401RETx
PC1.Signal=GPIO_Output
PD2.GPIO_Label=LCD_RS
ProjectManager.LibraryCopy=1
PA3.GPIO_Label=USART_RX
PB1.GPIOParameters=GPIO_Speed,GPIO_Label
isbadioc=false
